
Microsoft Visual Studio Solution File, Format Version 12.00
# Visual Studio 15
VisualStudioVersion = 15.0.27428.2043
MinimumVisualStudioVersion = 10.0.40219.1
Project("{FAE04EC0-301F-11D3-BF4B-00C04F79EFBC}") = "Task", "Task\Task.csproj", "{0D4FC392-1D5C-46AA-BB20-AD97EA7AC53D}"
EndProject
Global
	GlobalSection(SolutionConfigurationPlatforms) = preSolution
		Debug|Any CPU = Debug|Any CPU
		Release|Any CPU = Release|Any CPU
	EndGlobalSection
	GlobalSection(ProjectConfigurationPlatforms) = postSolution
		{0D4FC392-1D5C-46AA-BB20-AD97EA7AC53D}.Debug|Any CPU.ActiveCfg = Debug|Any CPU
		{0D4FC392-1D5C-46AA-BB20-AD97EA7AC53D}.Debug|Any CPU.Build.0 = Debug|Any CPU
		{0D4FC392-1D5C-46AA-BB20-AD97EA7AC53D}.Release|Any CPU.ActiveCfg = Release|Any CPU
		{0D4FC392-1D5C-46AA-BB20-AD97EA7AC53D}.Release|Any CPU.Build.0 = Release|Any CPU
	EndGlobalSection
	GlobalSection(SolutionProperties) = preSolution
		HideSolutionNode = FALSE
	EndGlobalSection
	GlobalSection(ExtensibilityGlobals) = postSolution
		SolutionGuid = {5362BA89-0348-4E26-81C0-80AD091FE787}
	EndGlobalSection
EndGlobal
